
Microsoft Visual Studio Solution File, Format Version 12.00
# Visual Studio Version 17
VisualStudioVersion = 17.4.33205.214
MinimumVisualStudioVersion = 10.0.40219.1
Project("{FAE04EC0-301F-11D3-BF4B-00C04F79EFBC}") = "SketchNotes", "SketchNotes\SketchNotes.csproj", "{EEBAB45B-5E53-4FE9-B88F-4CEDD2D96D8E}"
EndProject
Project("{FAE04EC0-301F-11D3-BF4B-00C04F79EFBC}") = "SketchNotes.CaptureEncoder", "SketchNotes.CaptureEncoder\SketchNotes.CaptureEncoder.csproj", "{7FFCAEB5-D8BA-49F4-B89F-7033E7A01447}"
EndProject
Project("{FAE04EC0-301F-11D3-BF4B-00C04F79EFBC}") = "SketchNotes.FileIO", "SketchNotes.FileIO\SketchNotes.FileIO.csproj", "{22CE2B42-4014-4B9E-8653-157A72E88CA6}"
EndProject
Project("{FAE04EC0-301F-11D3-BF4B-00C04F79EFBC}") = "SketchNotes.TTS", "SketchNotes.TTS\SketchNotes.TTS.csproj", "{B80FD205-F293-42D8-9C2B-E3B3AC949F17}"
EndProject
Project("{FAE04EC0-301F-11D3-BF4B-00C04F79EFBC}") = "SketchNotes.Commands", "SketchNotes.Commands\SketchNotes.Commands.csproj", "{D94C7016-514E-49AB-A7D0-76961EB1377A}"
EndProject
Global
	GlobalSection(SolutionConfigurationPlatforms) = preSolution
		Debug|Any CPU = Debug|Any CPU
		Debug|ARM = Debug|ARM
		Debug|ARM64 = Debug|ARM64
		Debug|x64 = Debug|x64
		Debug|x86 = Debug|x86
		Release|Any CPU = Release|Any CPU
		Release|ARM = Release|ARM
		Release|ARM64 = Release|ARM64
		Release|x64 = Release|x64
		Release|x86 = Release|x86
	EndGlobalSection
	GlobalSection(ProjectConfigurationPlatforms) = postSolution
		{EEBAB45B-5E53-4FE9-B88F-4CEDD2D96D8E}.Debug|Any CPU.ActiveCfg = Debug|Any CPU
		{EEBAB45B-5E53-4FE9-B88F-4CEDD2D96D8E}.Debug|Any CPU.Build.0 = Debug|Any CPU
		{EEBAB45B-5E53-4FE9-B88F-4CEDD2D96D8E}.Debug|Any CPU.Deploy.0 = Debug|Any CPU
		{EEBAB45B-5E53-4FE9-B88F-4CEDD2D96D8E}.Debug|ARM.ActiveCfg = Debug|ARM
		{EEBAB45B-5E53-4FE9-B88F-4CEDD2D96D8E}.Debug|ARM.Build.0 = Debug|ARM
		{EEBAB45B-5E53-4FE9-B88F-4CEDD2D96D8E}.Debug|ARM.Deploy.0 = Debug|ARM
		{EEBAB45B-5E53-4FE9-B88F-4CEDD2D96D8E}.Debug|ARM64.ActiveCfg = Debug|ARM64
		{EEBAB45B-5E53-4FE9-B88F-4CEDD2D96D8E}.Debug|ARM64.Build.0 = Debug|ARM64
		{EEBAB45B-5E53-4FE9-B88F-4CEDD2D96D8E}.Debug|ARM64.Deploy.0 = Debug|ARM64
		{EEBAB45B-5E53-4FE9-B88F-4CEDD2D96D8E}.Debug|x64.ActiveCfg = Debug|x64
		{EEBAB45B-5E53-4FE9-B88F-4CEDD2D96D8E}.Debug|x64.Build.0 = Debug|x64
		{EEBAB45B-5E53-4FE9-B88F-4CEDD2D96D8E}.Debug|x64.Deploy.0 = Debug|x64
		{EEBAB45B-5E53-4FE9-B88F-4CEDD2D96D8E}.Debug|x86.ActiveCfg = Debug|x86
		{EEBAB45B-5E53-4FE9-B88F-4CEDD2D96D8E}.Debug|x86.Build.0 = Debug|x86
		{EEBAB45B-5E53-4FE9-B88F-4CEDD2D96D8E}.Debug|x86.Deploy.0 = Debug|x86
		{EEBAB45B-5E53-4FE9-B88F-4CEDD2D96D8E}.Release|Any CPU.ActiveCfg = Release|Any CPU
		{EEBAB45B-5E53-4FE9-B88F-4CEDD2D96D8E}.Release|Any CPU.Build.0 = Release|Any CPU
		{EEBAB45B-5E53-4FE9-B88F-4CEDD2D96D8E}.Release|Any CPU.Deploy.0 = Release|Any CPU
		{EEBAB45B-5E53-4FE9-B88F-4CEDD2D96D8E}.Release|ARM.ActiveCfg = Release|ARM
		{EEBAB45B-5E53-4FE9-B88F-4CEDD2D96D8E}.Release|ARM.Build.0 = Release|ARM
		{EEBAB45B-5E53-4FE9-B88F-4CEDD2D96D8E}.Release|ARM.Deploy.0 = Release|ARM
		{EEBAB45B-5E53-4FE9-B88F-4CEDD2D96D8E}.Release|ARM64.ActiveCfg = Release|ARM64
		{EEBAB45B-5E53-4FE9-B88F-4CEDD2D96D8E}.Release|ARM64.Build.0 = Release|ARM64
		{EEBAB45B-5E53-4FE9-B88F-4CEDD2D96D8E}.Release|ARM64.Deploy.0 = Release|ARM64
		{EEBAB45B-5E53-4FE9-B88F-4CEDD2D96D8E}.Release|x64.ActiveCfg = Release|x64
		{EEBAB45B-5E53-4FE9-B88F-4CEDD2D96D8E}.Release|x64.Build.0 = Release|x64
		{EEBAB45B-5E53-4FE9-B88F-4CEDD2D96D8E}.Release|x64.Deploy.0 = Release|x64
		{EEBAB45B-5E53-4FE9-B88F-4CEDD2D96D8E}.Release|x86.ActiveCfg = Release|x86
		{EEBAB45B-5E53-4FE9-B88F-4CEDD2D96D8E}.Release|x86.Build.0 = Release|x86
		{EEBAB45B-5E53-4FE9-B88F-4CEDD2D96D8E}.Release|x86.Deploy.0 = Release|x86
		{7FFCAEB5-D8BA-49F4-B89F-7033E7A01447}.Debug|Any CPU.ActiveCfg = Debug|Any CPU
		{7FFCAEB5-D8BA-49F4-B89F-7033E7A01447}.Debug|Any CPU.Build.0 = Debug|Any CPU
		{7FFCAEB5-D8BA-49F4-B89F-7033E7A01447}.Debug|ARM.ActiveCfg = Debug|ARM
		{7FFCAEB5-D8BA-49F4-B89F-7033E7A01447}.Debug|ARM.Build.0 = Debug|ARM
		{7FFCAEB5-D8BA-49F4-B89F-7033E7A01447}.Debug|ARM64.ActiveCfg = Debug|ARM64
		{7FFCAEB5-D8BA-49F4-B89F-7033E7A01447}.Debug|ARM64.Build.0 = Debug|ARM64
		{7FFCAEB5-D8BA-49F4-B89F-7033E7A01447}.Debug|x64.ActiveCfg = Debug|x64
		{7FFCAEB5-D8BA-49F4-B89F-7033E7A01447}.Debug|x64.Build.0 = Debug|x64
		{7FFCAEB5-D8BA-49F4-B89F-7033E7A01447}.Debug|x86.ActiveCfg = Debug|x86
		{7FFCAEB5-D8BA-49F4-B89F-7033E7A01447}.Debug|x86.Build.0 = Debug|x86
		{7FFCAEB5-D8BA-49F4-B89F-7033E7A01447}.Release|Any CPU.ActiveCfg = Release|Any CPU
		{7FFCAEB5-D8BA-49F4-B89F-7033E7A01447}.Release|Any CPU.Build.0 = Release|Any CPU
		{7FFCAEB5-D8BA-49F4-B89F-7033E7A01447}.Release|ARM.ActiveCfg = Release|ARM
		{7FFCAEB5-D8BA-49F4-B89F-7033E7A01447}.Release|ARM.Build.0 = Release|ARM
		{7FFCAEB5-D8BA-49F4-B89F-7033E7A01447}.Release|ARM64.ActiveCfg = Release|ARM64
		{7FFCAEB5-D8BA-49F4-B89F-7033E7A01447}.Release|ARM64.Build.0 = Release|ARM64
		{7FFCAEB5-D8BA-49F4-B89F-7033E7A01447}.Release|x64.ActiveCfg = Release|x64
		{7FFCAEB5-D8BA-49F4-B89F-7033E7A01447}.Release|x64.Build.0 = Release|x64
		{7FFCAEB5-D8BA-49F4-B89F-7033E7A01447}.Release|x86.ActiveCfg = Release|x86
		{7FFCAEB5-D8BA-49F4-B89F-7033E7A01447}.Release|x86.Build.0 = Release|x86
		{22CE2B42-4014-4B9E-8653-157A72E88CA6}.Debug|Any CPU.ActiveCfg = Debug|Any CPU
		{22CE2B42-4014-4B9E-8653-157A72E88CA6}.Debug|Any CPU.Build.0 = Debug|Any CPU
		{22CE2B42-4014-4B9E-8653-157A72E88CA6}.Debug|ARM.ActiveCfg = Debug|ARM
		{22CE2B42-4014-4B9E-8653-157A72E88CA6}.Debug|ARM.Build.0 = Debug|ARM
		{22CE2B42-4014-4B9E-8653-157A72E88CA6}.Debug|ARM64.ActiveCfg = Debug|ARM64
		{22CE2B42-4014-4B9E-8653-157A72E88CA6}.Debug|ARM64.Build.0 = Debug|ARM64
		{22CE2B42-4014-4B9E-8653-157A72E88CA6}.Debug|x64.ActiveCfg = Debug|x64
		{22CE2B42-4014-4B9E-8653-157A72E88CA6}.Debug|x64.Build.0 = Debug|x64
		{22CE2B42-4014-4B9E-8653-157A72E88CA6}.Debug|x86.ActiveCfg = Debug|x86
		{22CE2B42-4014-4B9E-8653-157A72E88CA6}.Debug|x86.Build.0 = Debug|x86
		{22CE2B42-4014-4B9E-8653-157A72E88CA6}.Release|Any CPU.ActiveCfg = Release|Any CPU
		{22CE2B42-4014-4B9E-8653-157A72E88CA6}.Release|Any CPU.Build.0 = Release|Any CPU
		{22CE2B42-4014-4B9E-8653-157A72E88CA6}.Release|ARM.ActiveCfg = Release|ARM
		{22CE2B42-4014-4B9E-8653-157A72E88CA6}.Release|ARM.Build.0 = Release|ARM
		{22CE2B42-4014-4B9E-8653-157A72E88CA6}.Release|ARM64.ActiveCfg = Release|ARM64
		{22CE2B42-4014-4B9E-8653-157A72E88CA6}.Release|ARM64.Build.0 = Release|ARM64
		{22CE2B42-4014-4B9E-8653-157A72E88CA6}.Release|x64.ActiveCfg = Release|x64
		{22CE2B42-4014-4B9E-8653-157A72E88CA6}.Release|x64.Build.0 = Release|x64
		{22CE2B42-4014-4B9E-8653-157A72E88CA6}.Release|x86.ActiveCfg = Release|x86
		{22CE2B42-4014-4B9E-8653-157A72E88CA6}.Release|x86.Build.0 = Release|x86
		{B80FD205-F293-42D8-9C2B-E3B3AC949F17}.Debug|Any CPU.ActiveCfg = Debug|Any CPU
		{B80FD205-F293-42D8-9C2B-E3B3AC949F17}.Debug|Any CPU.Build.0 = Debug|Any CPU
		{B80FD205-F293-42D8-9C2B-E3B3AC949F17}.Debug|ARM.ActiveCfg = Debug|ARM
		{B80FD205-F293-42D8-9C2B-E3B3AC949F17}.Debug|ARM.Build.0 = Debug|ARM
		{B80FD205-F293-42D8-9C2B-E3B3AC949F17}.Debug|ARM64.ActiveCfg = Debug|ARM64
		{B80FD205-F293-42D8-9C2B-E3B3AC949F17}.Debug|ARM64.Build.0 = Debug|ARM64
		{B80FD205-F293-42D8-9C2B-E3B3AC949F17}.Debug|x64.ActiveCfg = Debug|x64
		{B80FD205-F293-42D8-9C2B-E3B3AC949F17}.Debug|x64.Build.0 = Debug|x64
		{B80FD205-F293-42D8-9C2B-E3B3AC949F17}.Debug|x86.ActiveCfg = Debug|x86
		{B80FD205-F293-42D8-9C2B-E3B3AC949F17}.Debug|x86.Build.0 = Debug|x86
		{B80FD205-F293-42D8-9C2B-E3B3AC949F17}.Release|Any CPU.ActiveCfg = Release|Any CPU
		{B80FD205-F293-42D8-9C2B-E3B3AC949F17}.Release|Any CPU.Build.0 = Release|Any CPU
		{B80FD205-F293-42D8-9C2B-E3B3AC949F17}.Release|ARM.ActiveCfg = Release|ARM
		{B80FD205-F293-42D8-9C2B-E3B3AC949F17}.Release|ARM.Build.0 = Release|ARM
		{B80FD205-F293-42D8-9C2B-E3B3AC949F17}.Release|ARM64.ActiveCfg = Release|ARM64
		{B80FD205-F293-42D8-9C2B-E3B3AC949F17}.Release|ARM64.Build.0 = Release|ARM64
		{B80FD205-F293-42D8-9C2B-E3B3AC949F17}.Release|x64.ActiveCfg = Release|x64
		{B80FD205-F293-42D8-9C2B-E3B3AC949F17}.Release|x64.Build.0 = Release|x64
		{B80FD205-F293-42D8-9C2B-E3B3AC949F17}.Release|x86.ActiveCfg = Release|x86
		{B80FD205-F293-42D8-9C2B-E3B3AC949F17}.Release|x86.Build.0 = Release|x86
		{D94C7016-514E-49AB-A7D0-76961EB1377A}.Debug|Any CPU.ActiveCfg = Debug|Any CPU
		{D94C7016-514E-49AB-A7D0-76961EB1377A}.Debug|Any CPU.Build.0 = Debug|Any CPU
		{D94C7016-514E-49AB-A7D0-76961EB1377A}.Debug|ARM.ActiveCfg = Debug|ARM
		{D94C7016-514E-49AB-A7D0-76961EB1377A}.Debug|ARM.Build.0 = Debug|ARM
		{D94C7016-514E-49AB-A7D0-76961EB1377A}.Debug|ARM64.ActiveCfg = Debug|ARM64
		{D94C7016-514E-49AB-A7D0-76961EB1377A}.Debug|ARM64.Build.0 = Debug|ARM64
		{D94C7016-514E-49AB-A7D0-76961EB1377A}.Debug|x64.ActiveCfg = Debug|x64
		{D94C7016-514E-49AB-A7D0-76961EB1377A}.Debug|x64.Build.0 = Debug|x64
		{D94C7016-514E-49AB-A7D0-76961EB1377A}.Debug|x86.ActiveCfg = Debug|x86
		{D94C7016-514E-49AB-A7D0-76961EB1377A}.Debug|x86.Build.0 = Debug|x86
		{D94C7016-514E-49AB-A7D0-76961EB1377A}.Release|Any CPU.ActiveCfg = Release|Any CPU
		{D94C7016-514E-49AB-A7D0-76961EB1377A}.Release|Any CPU.Build.0 = Release|Any CPU
		{D94C7016-514E-49AB-A7D0-76961EB1377A}.Release|ARM.ActiveCfg = Release|ARM
		{D94C7016-514E-49AB-A7D0-76961EB1377A}.Release|ARM.Build.0 = Release|ARM
		{D94C7016-514E-49AB-A7D0-76961EB1377A}.Release|ARM64.ActiveCfg = Release|ARM64
		{D94C7016-514E-49AB-A7D0-76961EB1377A}.Release|ARM64.Build.0 = Release|ARM64
		{D94C7016-514E-49AB-A7D0-76961EB1377A}.Release|x64.ActiveCfg = Release|x64
		{D94C7016-514E-49AB-A7D0-76961EB1377A}.Release|x64.Build.0 = Release|x64
		{D94C7016-514E-49AB-A7D0-76961EB1377A}.Release|x86.ActiveCfg = Release|x86
		{D94C7016-514E-49AB-A7D0-76961EB1377A}.Release|x86.Build.0 = Release|x86
	EndGlobalSection
	GlobalSection(SolutionProperties) = preSolution
		HideSolutionNode = FALSE
	EndGlobalSection
	GlobalSection(ExtensibilityGlobals) = postSolution
		SolutionGuid = {5EA925BC-C610-4F17-9A59-53408692FCDB}
	EndGlobalSection
EndGlobal
